{
  "format": 1,
  "modules": [
    {
      "imports": [
        "examples/self_host/parser_core.moss"
      ],
      "path": "examples/self_host/checker_core.moss",
      "sha256": "e2014e91956c384c79e6e7d6e811520d70b35c1fb3416b18b8adaabba32eecc8"
    },
    {
      "imports": [
        "examples/self_host/lexer_core.moss"
      ],
      "path": "examples/self_host/expression_core.moss",
      "sha256": "16e3676717dd4f955064b22c2feea86aec3399befce1ff0edc8ec09012550429"
    },
    {
      "imports": [
        "examples/self_host/token_tools.moss"
      ],
      "path": "examples/self_host/lexer_core.moss",
      "sha256": "08334559ad327ad60cdd14d85925db45137f0579e16e252a652310e0de3dc8e6"
    },
    {
      "imports": [
        "examples/self_host/statement_core.moss"
      ],
      "path": "examples/self_host/parser_core.moss",
      "sha256": "02a5b0d47bd0ee164df18e902c74bffdc8586fa33e6de0b2af561a7567b0e581"
    },
    {
      "imports": [
        "examples/self_host/checker_core.moss"
      ],
      "path": "examples/self_host/project_check.moss",
      "sha256": "210262c8017ded74e373b0a13db32d24e69d156ea7a39629d47b78bd1a799cb4"
    },
    {
      "imports": [
        "examples/self_host/expression_core.moss"
      ],
      "path": "examples/self_host/statement_core.moss",
      "sha256": "36800144432e83817e00047f4ea81e0b7eb3d844cd727aaa0ee6d3203a82b711"
    },
    {
      "imports": [],
      "path": "examples/self_host/token_tools.moss",
      "sha256": "17fb6480cacf422c4f59754358355063a4b622001b631717510facf70e1d3343"
    }
  ],
  "package": {
    "entry": "examples/self_host/project_check.moss",
    "name": "moss-self-host",
    "version": "0.5.0"
  }
}
